// !$*UTF8*$!
{
	archiveVersion = 1;
	classes = {
	};
	objectVersion = 51;
	objects = {

/* Begin PBXBuildFile section */
		044118C62A2DEB68003E4ABE /* PublishViewController.swift in Sources */ = {isa = PBXBuildFile; fileRef = 044118C52A2DEB68003E4ABE /* PublishViewController.swift */; };
		044118C82A2EA1AE003E4ABE /* ReaderViewController.swift in Sources */ = {isa = PBXBuildFile; fileRef = 044118C72A2EA1AE003E4ABE /* ReaderViewController.swift */; };
		044118D72A35272E003E4ABE /* CommentsViewController.swift in Sources */ = {isa = PBXBuildFile; fileRef = 044118D62A35272E003E4ABE /* CommentsViewController.swift */; };
		0473250C2A1FD83D0073B156 /* AppDelegate.swift in Sources */ = {isa = PBXBuildFile; fileRef = 0473250B2A1FD83D0073B156 /* AppDelegate.swift */; };
		0473250E2A1FD83D0073B156 /* ViewController.swift in Sources */ = {isa = PBXBuildFile; fileRef = 0473250D2A1FD83D0073B156 /* ViewController.swift */; };
		047325112A1FD83D0073B156 /* Main.storyboard in Resources */ = {isa = PBXBuildFile; fileRef = 0473250F2A1FD83D0073B156 /* Main.storyboard */; };
		047325142A1FD83D0073B156 /* fanfinctionapp.xcdatamodeld in Sources */ = {isa = PBXBuildFile; fileRef = 047325122A1FD83D0073B156 /* fanfinctionapp.xcdatamodeld */; };
		047325162A1FD8400073B156 /* Assets.xcassets in Resources */ = {isa = PBXBuildFile; fileRef = 047325152A1FD8400073B156 /* Assets.xcassets */; };
		047325192A1FD8400073B156 /* LaunchScreen.storyboard in Resources */ = {isa = PBXBuildFile; fileRef = 047325172A1FD8400073B156 /* LaunchScreen.storyboard */; };
		047325212A1FDB790073B156 /* GoogleService-Info.plist in Resources */ = {isa = PBXBuildFile; fileRef = 047325202A1FDB790073B156 /* GoogleService-Info.plist */; };
		047C6E392A26B17000EBF3C0 /* FanficDetailViewController.swift in Sources */ = {isa = PBXBuildFile; fileRef = 047C6E382A26B17000EBF3C0 /* FanficDetailViewController.swift */; };
		047C6E3D2A290E3200EBF3C0 /* FanficListViewController.swift in Sources */ = {isa = PBXBuildFile; fileRef = 047C6E3C2A290E3200EBF3C0 /* FanficListViewController.swift */; };
		047C6E412A29D83100EBF3C0 /* EditViewController.swift in Sources */ = {isa = PBXBuildFile; fileRef = 047C6E402A29D83100EBF3C0 /* EditViewController.swift */; };
		047C6E432A2B99A300EBF3C0 /* SearchByCategoryViewController.swift in Sources */ = {isa = PBXBuildFile; fileRef = 047C6E422A2B99A300EBF3C0 /* SearchByCategoryViewController.swift */; };
		047C6E452A2BB05F00EBF3C0 /* ShowSearchResultsViewController.swift in Sources */ = {isa = PBXBuildFile; fileRef = 047C6E442A2BB05F00EBF3C0 /* ShowSearchResultsViewController.swift */; };
		04AABC822A3BA56C00E28084 /* Fanfic.swift in Sources */ = {isa = PBXBuildFile; fileRef = 04AABC812A3BA56C00E28084 /* Fanfic.swift */; };
		04AABC842A3BAFDA00E28084 /* SettingsViewController.swift in Sources */ = {isa = PBXBuildFile; fileRef = 04AABC832A3BAFDA00E28084 /* SettingsViewController.swift */; };
		04AB802E2A3D24F9001862B7 /* AuthorViewController.swift in Sources */ = {isa = PBXBuildFile; fileRef = 04AB802D2A3D24F9001862B7 /* AuthorViewController.swift */; };
		04C3D5BC2A21639600B9C62A /* AuthViewController.swift in Sources */ = {isa = PBXBuildFile; fileRef = 04C3D5BB2A21639600B9C62A /* AuthViewController.swift */; };
		04C3D5C22A21663600B9C62A /* TabBarViewController.swift in Sources */ = {isa = PBXBuildFile; fileRef = 04C3D5C12A21663600B9C62A /* TabBarViewController.swift */; };
		04C3D5C42A2232BE00B9C62A /* CreatingViewController.swift in Sources */ = {isa = PBXBuildFile; fileRef = 04C3D5C32A2232BE00B9C62A /* CreatingViewController.swift */; };
		04C3D5CA2A23D18200B9C62A /* ProfileViewController.swift in Sources */ = {isa = PBXBuildFile; fileRef = 04C3D5C92A23D18200B9C62A /* ProfileViewController.swift */; };
		04D3EDBD2A214BB300139F68 /* RegViewController.swift in Sources */ = {isa = PBXBuildFile; fileRef = 04D3EDBC2A214BB200139F68 /* RegViewController.swift */; };
		1418892D6DEDCA5BFBEC548B /* Pods_fanfinctionapp.framework in Frameworks */ = {isa = PBXBuildFile; fileRef = D803052FBBEF103BE98156BF /* Pods_fanfinctionapp.framework */; };
/* End PBXBuildFile section */

/* Begin PBXFileReference section */
		044118C52A2DEB68003E4ABE /* PublishViewController.swift */ = {isa = PBXFileReference; lastKnownFileType = sourcecode.swift; path = PublishViewController.swift; sourceTree = "<group>"; };
		044118C72A2EA1AE003E4ABE /* ReaderViewController.swift */ = {isa = PBXFileReference; lastKnownFileType = sourcecode.swift; path = ReaderViewController.swift; sourceTree = "<group>"; };
		044118D62A35272E003E4ABE /* CommentsViewController.swift */ = {isa = PBXFileReference; lastKnownFileType = sourcecode.swift; path = CommentsViewController.swift; sourceTree = "<group>"; };
		047325082A1FD83D0073B156 /* fanfinctionapp.app */ = {isa = PBXFileReference; explicitFileType = wrapper.application; includeInIndex = 0; path = fanfinctionapp.app; sourceTree = BUILT_PRODUCTS_DIR; };
		0473250B2A1FD83D0073B156 /* AppDelegate.swift */ = {isa = PBXFileReference; lastKnownFileType = sourcecode.swift; path = AppDelegate.swift; sourceTree = "<group>"; };
		0473250D2A1FD83D0073B156 /* ViewController.swift */ = {isa = PBXFileReference; lastKnownFileType = sourcecode.swift; path = ViewController.swift; sourceTree = "<group>"; };
		047325102A1FD83D0073B156 /* Base */ = {isa = PBXFileReference; lastKnownFileType = file.storyboard; name = Base; path = Base.lproj/Main.storyboard; sourceTree = "<group>"; };
		047325132A1FD83D0073B156 /* fanfinctionapp.xcdatamodel */ = {isa = PBXFileReference; lastKnownFileType = wrapper.xcdatamodel; path = fanfinctionapp.xcdatamodel; sourceTree = "<group>"; };
		047325152A1FD8400073B156 /* Assets.xcassets */ = {isa = PBXFileReference; lastKnownFileType = folder.assetcatalog; path = Assets.xcassets; sourceTree = "<group>"; };
		047325182A1FD8400073B156 /* Base */ = {isa = PBXFileReference; lastKnownFileType = file.storyboard; name = Base; path = Base.lproj/LaunchScreen.storyboard; sourceTree = "<group>"; };
		0473251A2A1FD8400073B156 /* Info.plist */ = {isa = PBXFileReference; lastKnownFileType = text.plist.xml; path = Info.plist; sourceTree = "<group>"; };
		047325202A1FDB790073B156 /* GoogleService-Info.plist */ = {isa = PBXFileReference; fileEncoding = 4; lastKnownFileType = text.plist.xml; path = "GoogleService-Info.plist"; sourceTree = "<group>"; };
		047C6E382A26B17000EBF3C0 /* FanficDetailViewController.swift */ = {isa = PBXFileReference; lastKnownFileType = sourcecode.swift; path = FanficDetailViewController.swift; sourceTree = "<group>"; };
		047C6E3C2A290E3200EBF3C0 /* FanficListViewController.swift */ = {isa = PBXFileReference; lastKnownFileType = sourcecode.swift; path = FanficListViewController.swift; sourceTree = "<group>"; };
		047C6E402A29D83100EBF3C0 /* EditViewController.swift */ = {isa = PBXFileReference; lastKnownFileType = sourcecode.swift; path = EditViewController.swift; sourceTree = "<group>"; };
		047C6E422A2B99A300EBF3C0 /* SearchByCategoryViewController.swift */ = {isa = PBXFileReference; lastKnownFileType = sourcecode.swift; path = SearchByCategoryViewController.swift; sourceTree = "<group>"; };
		047C6E442A2BB05F00EBF3C0 /* ShowSearchResultsViewController.swift */ = {isa = PBXFileReference; lastKnownFileType = sourcecode.swift; path = ShowSearchResultsViewController.swift; sourceTree = "<group>"; };
		04AABC812A3BA56C00E28084 /* Fanfic.swift */ = {isa = PBXFileReference; lastKnownFileType = sourcecode.swift; path = Fanfic.swift; sourceTree = "<group>"; };
		04AABC832A3BAFDA00E28084 /* SettingsViewController.swift */ = {isa = PBXFileReference; lastKnownFileType = sourcecode.swift; path = SettingsViewController.swift; sourceTree = "<group>"; };
		04AB802D2A3D24F9001862B7 /* AuthorViewController.swift */ = {isa = PBXFileReference; lastKnownFileType = sourcecode.swift; path = AuthorViewController.swift; sourceTree = "<group>"; };
		04C3D5BB2A21639600B9C62A /* AuthViewController.swift */ = {isa = PBXFileReference; lastKnownFileType = sourcecode.swift; path = AuthViewController.swift; sourceTree = "<group>"; };
		04C3D5C12A21663600B9C62A /* TabBarViewController.swift */ = {isa = PBXFileReference; lastKnownFileType = sourcecode.swift; path = TabBarViewController.swift; sourceTree = "<group>"; };
		04C3D5C32A2232BE00B9C62A /* CreatingViewController.swift */ = {isa = PBXFileReference; lastKnownFileType = sourcecode.swift; path = CreatingViewController.swift; sourceTree = "<group>"; };
		04C3D5C92A23D18200B9C62A /* ProfileViewController.swift */ = {isa = PBXFileReference; lastKnownFileType = sourcecode.swift; path = ProfileViewController.swift; sourceTree = "<group>"; };
		04D3EDBC2A214BB200139F68 /* RegViewController.swift */ = {isa = PBXFileReference; lastKnownFileType = sourcecode.swift; path = RegViewController.swift; sourceTree = "<group>"; };
		3AF3B607EFB718B73B903ABE /* Pods-fanfinctionapp.release.xcconfig */ = {isa = PBXFileReference; includeInIndex = 1; lastKnownFileType = text.xcconfig; name = "Pods-fanfinctionapp.release.xcconfig"; path = "Target Support Files/Pods-fanfinctionapp/Pods-fanfinctionapp.release.xcconfig"; sourceTree = "<group>"; };
		649CF20F76A7B6BF5A284F9D /* Pods-fanfinctionapp.debug.xcconfig */ = {isa = PBXFileReference; includeInIndex = 1; lastKnownFileType = text.xcconfig; name = "Pods-fanfinctionapp.debug.xcconfig"; path = "Target Support Files/Pods-fanfinctionapp/Pods-fanfinctionapp.debug.xcconfig"; sourceTree = "<group>"; };
		D803052FBBEF103BE98156BF /* Pods_fanfinctionapp.framework */ = {isa = PBXFileReference; explicitFileType = wrapper.framework; includeInIndex = 0; path = Pods_fanfinctionapp.framework; sourceTree = BUILT_PRODUCTS_DIR; };
/* End PBXFileReference section */

/* Begin PBXFrameworksBuildPhase section */
		047325052A1FD83D0073B156 /* Frameworks */ = {
			isa = PBXFrameworksBuildPhase;
			buildActionMask = 2147483647;
			files = (
				1418892D6DEDCA5BFBEC548B /* Pods_fanfinctionapp.framework in Frameworks */,
			);
			runOnlyForDeploymentPostprocessing = 0;
		};
/* End PBXFrameworksBuildPhase section */

/* Begin PBXGroup section */
		047324FF2A1FD83D0073B156 = {
			isa = PBXGroup;
			children = (
				0473250A2A1FD83D0073B156 /* fanfinctionapp */,
				047325092A1FD83D0073B156 /* Products */,
				0F6570E62A586931D75E3F6B /* Pods */,
				E00038CDA7BEFC30346FC621 /* Frameworks */,
			);
			sourceTree = "<group>";
		};
		047325092A1FD83D0073B156 /* Products */ = {
			isa = PBXGroup;
			children = (
				047325082A1FD83D0073B156 /* fanfinctionapp.app */,
			);
			name = Products;
			sourceTree = "<group>";
		};
		0473250A2A1FD83D0073B156 /* fanfinctionapp */ = {
			isa = PBXGroup;
			children = (
				0473250B2A1FD83D0073B156 /* AppDelegate.swift */,
				0473250D2A1FD83D0073B156 /* ViewController.swift */,
				0473250F2A1FD83D0073B156 /* Main.storyboard */,
				047325152A1FD8400073B156 /* Assets.xcassets */,
				047325172A1FD8400073B156 /* LaunchScreen.storyboard */,
				0473251A2A1FD8400073B156 /* Info.plist */,
				047325122A1FD83D0073B156 /* fanfinctionapp.xcdatamodeld */,
				047325202A1FDB790073B156 /* GoogleService-Info.plist */,
				04D3EDBC2A214BB200139F68 /* RegViewController.swift */,
				04C3D5BB2A21639600B9C62A /* AuthViewController.swift */,
				04C3D5C12A21663600B9C62A /* TabBarViewController.swift */,
				04C3D5C32A2232BE00B9C62A /* CreatingViewController.swift */,
				04C3D5C92A23D18200B9C62A /* ProfileViewController.swift */,
				047C6E382A26B17000EBF3C0 /* FanficDetailViewController.swift */,
				047C6E3C2A290E3200EBF3C0 /* FanficListViewController.swift */,
				047C6E402A29D83100EBF3C0 /* EditViewController.swift */,
				047C6E422A2B99A300EBF3C0 /* SearchByCategoryViewController.swift */,
				047C6E442A2BB05F00EBF3C0 /* ShowSearchResultsViewController.swift */,
				044118C52A2DEB68003E4ABE /* PublishViewController.swift */,
				044118C72A2EA1AE003E4ABE /* ReaderViewController.swift */,
				044118D62A35272E003E4ABE /* CommentsViewController.swift */,
				04AABC812A3BA56C00E28084 /* Fanfic.swift */,
				04AABC832A3BAFDA00E28084 /* SettingsViewController.swift */,
				04AB802D2A3D24F9001862B7 /* AuthorViewController.swift */,
			);
			path = fanfinctionapp;
			sourceTree = "<group>";
		};
		0F6570E62A586931D75E3F6B /* Pods */ = {
			isa = PBXGroup;
			children = (
				649CF20F76A7B6BF5A284F9D /* Pods-fanfinctionapp.debug.xcconfig */,
				3AF3B607EFB718B73B903ABE /* Pods-fanfinctionapp.release.xcconfig */,
			);
			path = Pods;
			sourceTree = "<group>";
		};
		E00038CDA7BEFC30346FC621 /* Frameworks */ = {
			isa = PBXGroup;
			children = (
				D803052FBBEF103BE98156BF /* Pods_fanfinctionapp.framework */,
			);
			name = Frameworks;
			sourceTree = "<group>";
		};
/* End PBXGroup section */

/* Begin PBXNativeTarget section */
		047325072A1FD83D0073B156 /* fanfinctionapp */ = {
			isa = PBXNativeTarget;
			buildConfigurationList = 0473251D2A1FD8400073B156 /* Build configuration list for PBXNativeTarget "fanfinctionapp" */;
			buildPhases = (
				3DCF87763477735BE0881099 /* [CP] Check Pods Manifest.lock */,
				047325042A1FD83D0073B156 /* Sources */,
				047325052A1FD83D0073B156 /* Frameworks */,
				047325062A1FD83D0073B156 /* Resources */,
				68A40C73D667FDAA53344627 /* [CP] Embed Pods Frameworks */,
			);
			buildRules = (
			);
			dependencies = (
			);
			name = fanfinctionapp;
			productName = fanfinctionapp;
			productReference = 047325082A1FD83D0073B156 /* fanfinctionapp.app */;
			productType = "com.apple.product-type.application";
		};
/* End PBXNativeTarget section */

/* Begin PBXProject section */
		047325002A1FD83D0073B156 /* Project object */ = {
			isa = PBXProject;
			attributes = {
				LastSwiftUpdateCheck = 1010;
				LastUpgradeCheck = 1010;
				ORGANIZATIONNAME = mac;
				TargetAttributes = {
					047325072A1FD83D0073B156 = {
						CreatedOnToolsVersion = 10.1;
					};
				};
			};
			buildConfigurationList = 047325032A1FD83D0073B156 /* Build configuration list for PBXProject "fanfinctionapp" */;
			compatibilityVersion = "Xcode 10.0";
			developmentRegion = en;
			hasScannedForEncodings = 0;
			knownRegions = (
				en,
				Base,
			);
			mainGroup = 047324FF2A1FD83D0073B156;
			productRefGroup = 047325092A1FD83D0073B156 /* Products */;
			projectDirPath = "";
			projectRoot = "";
			targets = (
				047325072A1FD83D0073B156 /* fanfinctionapp */,
			);
		};
/* End PBXProject section */

/* Begin PBXResourcesBuildPhase section */
		047325062A1FD83D0073B156 /* Resources */ = {
			isa = PBXResourcesBuildPhase;
			buildActionMask = 2147483647;
			files = (
				047325192A1FD8400073B156 /* LaunchScreen.storyboard in Resources */,
				047325162A1FD8400073B156 /* Assets.xcassets in Resources */,
				047325112A1FD83D0073B156 /* Main.storyboard in Resources */,
				047325212A1FDB790073B156 /* GoogleService-Info.plist in Resources */,
			);
			runOnlyForDeploymentPostprocessing = 0;
		};
/* End PBXResourcesBuildPhase section */

/* Begin PBXShellScriptBuildPhase section */
		3DCF87763477735BE0881099 /* [CP] Check Pods Manifest.lock */ = {
			isa = PBXShellScriptBuildPhase;
			buildActionMask = 2147483647;
			files = (
			);
			inputFileListPaths = (
			);
			inputPaths = (
				"${PODS_PODFILE_DIR_PATH}/Podfile.lock",
				"${PODS_ROOT}/Manifest.lock",
			);
			name = "[CP] Check Pods Manifest.lock";
			outputFileListPaths = (
			);
			outputPaths = (
				"$(DERIVED_FILE_DIR)/Pods-fanfinctionapp-checkManifestLockResult.txt",
			);
			runOnlyForDeploymentPostprocessing = 0;
			shellPath = /bin/sh;
			shellScript = "diff \"${PODS_PODFILE_DIR_PATH}/Podfile.lock\" \"${PODS_ROOT}/Manifest.lock\" > /dev/null\nif [ $? != 0 ] ; then\n    # print error to STDERR\n    echo \"error: The sandbox is not in sync with the Podfile.lock. Run 'pod install' or update your CocoaPods installation.\" >&2\n    exit 1\nfi\n# This output is used by Xcode 'outputs' to avoid re-running this script phase.\necho \"SUCCESS\" > \"${SCRIPT_OUTPUT_FILE_0}\"\n";
			showEnvVarsInLog = 0;
		};
		68A40C73D667FDAA53344627 /* [CP] Embed Pods Frameworks */ = {
			isa = PBXShellScriptBuildPhase;
			buildActionMask = 2147483647;
			files = (
			);
			inputFileListPaths = (
				"${PODS_ROOT}/Target Support Files/Pods-fanfinctionapp/Pods-fanfinctionapp-frameworks-${CONFIGURATION}-input-files.xcfilelist",
			);
			name = "[CP] Embed Pods Frameworks";
			outputFileListPaths = (
				"${PODS_ROOT}/Target Support Files/Pods-fanfinctionapp/Pods-fanfinctionapp-frameworks-${CONFIGURATION}-output-files.xcfilelist",
			);
			runOnlyForDeploymentPostprocessing = 0;
			shellPath = /bin/sh;
			shellScript = "\"${PODS_ROOT}/Target Support Files/Pods-fanfinctionapp/Pods-fanfinctionapp-frameworks.sh\"\n";
			showEnvVarsInLog = 0;
		};
/* End PBXShellScriptBuildPhase section */

/* Begin PBXSourcesBuildPhase section */
		047325042A1FD83D0073B156 /* Sources */ = {
			isa = PBXSourcesBuildPhase;
			buildActionMask = 2147483647;
			files = (
				0473250E2A1FD83D0073B156 /* ViewController.swift in Sources */,
				047325142A1FD83D0073B156 /* fanfinctionapp.xcdatamodeld in Sources */,
				04C3D5CA2A23D18200B9C62A /* ProfileViewController.swift in Sources */,
				044118D72A35272E003E4ABE /* CommentsViewController.swift in Sources */,
				047C6E3D2A290E3200EBF3C0 /* FanficListViewController.swift in Sources */,
				04AABC842A3BAFDA00E28084 /* SettingsViewController.swift in Sources */,
				04C3D5C42A2232BE00B9C62A /* CreatingViewController.swift in Sources */,
				044118C62A2DEB68003E4ABE /* PublishViewController.swift in Sources */,
				04C3D5BC2A21639600B9C62A /* AuthViewController.swift in Sources */,
				044118C82A2EA1AE003E4ABE /* ReaderViewController.swift in Sources */,
				047C6E392A26B17000EBF3C0 /* FanficDetailViewController.swift in Sources */,
				04AB802E2A3D24F9001862B7 /* AuthorViewController.swift in Sources */,
				047C6E412A29D83100EBF3C0 /* EditViewController.swift in Sources */,
				0473250C2A1FD83D0073B156 /* AppDelegate.swift in Sources */,
				04AABC822A3BA56C00E28084 /* Fanfic.swift in Sources */,
				04C3D5C22A21663600B9C62A /* TabBarViewController.swift in Sources */,
				047C6E432A2B99A300EBF3C0 /* SearchByCategoryViewController.swift in Sources */,
				047C6E452A2BB05F00EBF3C0 /* ShowSearchResultsViewController.swift in Sources */,
				04D3EDBD2A214BB300139F68 /* RegViewController.swift in Sources */,
			);
			runOnlyForDeploymentPostprocessing = 0;
		};
/* End PBXSourcesBuildPhase section */

/* Begin PBXVariantGroup section */
		0473250F2A1FD83D0073B156 /* Main.storyboard */ = {
			isa = PBXVariantGroup;
			children = (
				047325102A1FD83D0073B156 /* Base */,
			);
			name = Main.storyboard;
			sourceTree = "<group>";
		};
		047325172A1FD8400073B156 /* LaunchScreen.storyboard */ = {
			isa = PBXVariantGroup;
			children = (
				047325182A1FD8400073B156 /* Base */,
			);
			name = LaunchScreen.storyboard;
			sourceTree = "<group>";
		};
/* End PBXVariantGroup section */

/* Begin XCBuildConfiguration section */
		0473251B2A1FD8400073B156 /* Debug */ = {
			isa = XCBuildConfiguration;
			buildSettings = {
				ALWAYS_SEARCH_USER_PATHS = NO;
				CLANG_ANALYZER_NONNULL = YES;
				CLANG_ANALYZER_NUMBER_OBJECT_CONVERSION = YES_AGGRESSIVE;
				CLANG_CXX_LANGUAGE_STANDARD = "gnu++14";
				CLANG_CXX_LIBRARY = "libc++";
				CLANG_ENABLE_MODULES = YES;
				CLANG_ENABLE_OBJC_ARC = YES;
				CLANG_ENABLE_OBJC_WEAK = YES;
				CLANG_WARN_BLOCK_CAPTURE_AUTORELEASING = YES;
				CLANG_WARN_BOOL_CONVERSION = YES;
				CLANG_WARN_COMMA = YES;
				CLANG_WARN_CONSTANT_CONVERSION = YES;
				CLANG_WARN_DEPRECATED_OBJC_IMPLEMENTATIONS = YES;
				CLANG_WARN_DIRECT_OBJC_ISA_USAGE = YES_ERROR;
				CLANG_WARN_DOCUMENTATION_COMMENTS = YES;
				CLANG_WARN_EMPTY_BODY = YES;
				CLANG_WARN_ENUM_CONVERSION = YES;
				CLANG_WARN_INFINITE_RECURSION = YES;
				CLANG_WARN_INT_CONVERSION = YES;
				CLANG_WARN_NON_LITERAL_NULL_CONVERSION = YES;
				CLANG_WARN_OBJC_IMPLICIT_RETAIN_SELF = YES;
				CLANG_WARN_OBJC_LITERAL_CONVERSION = YES;
				CLANG_WARN_OBJC_ROOT_CLASS = YES_ERROR;
				CLANG_WARN_RANGE_LOOP_ANALYSIS = YES;
				CLANG_WARN_STRICT_PROTOTYPES = YES;
				CLANG_WARN_SUSPICIOUS_MOVE = YES;
				CLANG_WARN_UNGUARDED_AVAILABILITY = YES_AGGRESSIVE;
				CLANG_WARN_UNREACHABLE_CODE = YES;
				CLANG_WARN__DUPLICATE_METHOD_MATCH = YES;
				CODE_SIGN_IDENTITY = "iPhone Developer";
				COPY_PHASE_STRIP = NO;
				DEBUG_INFORMATION_FORMAT = dwarf;
				ENABLE_STRICT_OBJC_MSGSEND = YES;
				ENABLE_TESTABILITY = YES;
				GCC_C_LANGUAGE_STANDARD = gnu11;
				GCC_DYNAMIC_NO_PIC = NO;
				GCC_NO_COMMON_BLOCKS = YES;
				GCC_OPTIMIZATION_LEVEL = 0;
				GCC_PREPROCESSOR_DEFINITIONS = (
					"DEBUG=1",
					"$(inherited)",
				);
				GCC_WARN_64_TO_32_BIT_CONVERSION = YES;
				GCC_WARN_ABOUT_RETURN_TYPE = YES_ERROR;
				GCC_WARN_UNDECLARED_SELECTOR = YES;
				GCC_WARN_UNINITIALIZED_AUTOS = YES_AGGRESSIVE;
				GCC_WARN_UNUSED_FUNCTION = YES;
				GCC_WARN_UNUSED_VARIABLE = YES;
				IPHONEOS_DEPLOYMENT_TARGET = 12.1;
				MTL_ENABLE_DEBUG_INFO = INCLUDE_SOURCE;
				MTL_FAST_MATH = YES;
				ONLY_ACTIVE_ARCH = YES;
				SDKROOT = iphoneos;
				SWIFT_ACTIVE_COMPILATION_CONDITIONS = DEBUG;
				SWIFT_OPTIMIZATION_LEVEL = "-Onone";
			};
			name = Debug;
		};
		0473251C2A1FD8400073B156 /* Release */ = {
			isa = XCBuildConfiguration;
			buildSettings = {
				ALWAYS_SEARCH_USER_PATHS = NO;
				CLANG_ANALYZER_NONNULL = YES;
				CLANG_ANALYZER_NUMBER_OBJECT_CONVERSION = YES_AGGRESSIVE;
				CLANG_CXX_LANGUAGE_STANDARD = "gnu++14";
				CLANG_CXX_LIBRARY = "libc++";
				CLANG_ENABLE_MODULES = YES;
				CLANG_ENABLE_OBJC_ARC = YES;
				CLANG_ENABLE_OBJC_WEAK = YES;
				CLANG_WARN_BLOCK_CAPTURE_AUTORELEASING = YES;
				CLANG_WARN_BOOL_CONVERSION = YES;
				CLANG_WARN_COMMA = YES;
				CLANG_WARN_CONSTANT_CONVERSION = YES;
				CLANG_WARN_DEPRECATED_OBJC_IMPLEMENTATIONS = YES;
				CLANG_WARN_DIRECT_OBJC_ISA_USAGE = YES_ERROR;
				CLANG_WARN_DOCUMENTATION_COMMENTS = YES;
				CLANG_WARN_EMPTY_BODY = YES;
				CLANG_WARN_ENUM_CONVERSION = YES;
				CLANG_WARN_INFINITE_RECURSION = YES;
				CLANG_WARN_INT_CONVERSION = YES;
				CLANG_WARN_NON_LITERAL_NULL_CONVERSION = YES;
				CLANG_WARN_OBJC_IMPLICIT_RETAIN_SELF = YES;
				CLANG_WARN_OBJC_LITERAL_CONVERSION = YES;
				CLANG_WARN_OBJC_ROOT_CLASS = YES_ERROR;
				CLANG_WARN_RANGE_LOOP_ANALYSIS = YES;
				CLANG_WARN_STRICT_PROTOTYPES = YES;
				CLANG_WARN_SUSPICIOUS_MOVE = YES;
				CLANG_WARN_UNGUARDED_AVAILABILITY = YES_AGGRESSIVE;
				CLANG_WARN_UNREACHABLE_CODE = YES;
				CLANG_WARN__DUPLICATE_METHOD_MATCH = YES;
				CODE_SIGN_IDENTITY = "iPhone Developer";
				COPY_PHASE_STRIP = NO;
				DEBUG_INFORMATION_FORMAT = "dwarf-with-dsym";
				ENABLE_NS_ASSERTIONS = NO;
				ENABLE_STRICT_OBJC_MSGSEND = YES;
				GCC_C_LANGUAGE_STANDARD = gnu11;
				GCC_NO_COMMON_BLOCKS = YES;
				GCC_WARN_64_TO_32_BIT_CONVERSION = YES;
				GCC_WARN_ABOUT_RETURN_TYPE = YES_ERROR;
				GCC_WARN_UNDECLARED_SELECTOR = YES;
				GCC_WARN_UNINITIALIZED_AUTOS = YES_AGGRESSIVE;
				GCC_WARN_UNUSED_FUNCTION = YES;
				GCC_WARN_UNUSED_VARIABLE = YES;
				IPHONEOS_DEPLOYMENT_TARGET = 12.1;
				MTL_ENABLE_DEBUG_INFO = NO;
				MTL_FAST_MATH = YES;
				SDKROOT = iphoneos;
				SWIFT_COMPILATION_MODE = wholemodule;
				SWIFT_OPTIMIZATION_LEVEL = "-O";
				VALIDATE_PRODUCT = YES;
			};
			name = Release;
		};
		0473251E2A1FD8400073B156 /* Debug */ = {
			isa = XCBuildConfiguration;
			baseConfigurationReference = 649CF20F76A7B6BF5A284F9D /* Pods-fanfinctionapp.debug.xcconfig */;
			buildSettings = {
				ASSETCATALOG_COMPILER_APPICON_NAME = AppIcon;
				CODE_SIGN_STYLE = Automatic;
				DEVELOPMENT_TEAM = 6XRTDH64H3;
				INFOPLIST_FILE = fanfinctionapp/Info.plist;
				IPHONEOS_DEPLOYMENT_TARGET = 12.1;
				LD_RUNPATH_SEARCH_PATHS = (
					"$(inherited)",
					"@executable_path/Frameworks",
				);
				PRODUCT_BUNDLE_IDENTIFIER = teamlab.fanfinctionapp;
				PRODUCT_NAME = "$(TARGET_NAME)";
				SWIFT_VERSION = 4.2;
				TARGETED_DEVICE_FAMILY = "1,2";
			};
			name = Debug;
		};
		0473251F2A1FD8400073B156 /* Release */ = {
			isa = XCBuildConfiguration;
			baseConfigurationReference = 3AF3B607EFB718B73B903ABE /* Pods-fanfinctionapp.release.xcconfig */;
			buildSettings = {
				ASSETCATALOG_COMPILER_APPICON_NAME = AppIcon;
				CODE_SIGN_STYLE = Automatic;
				DEVELOPMENT_TEAM = 6XRTDH64H3;
				INFOPLIST_FILE = fanfinctionapp/Info.plist;
				IPHONEOS_DEPLOYMENT_TARGET = 12.1;
				LD_RUNPATH_SEARCH_PATHS = (
					"$(inherited)",
					"@executable_path/Frameworks",
				);
				PRODUCT_BUNDLE_IDENTIFIER = teamlab.fanfinctionapp;
				PRODUCT_NAME = "$(TARGET_NAME)";
				SWIFT_VERSION = 4.2;
				TARGETED_DEVICE_FAMILY = "1,2";
			};
			name = Release;
		};
/* End XCBuildConfiguration section */

/* Begin XCConfigurationList section */
		047325032A1FD83D0073B156 /* Build configuration list for PBXProject "fanfinctionapp" */ = {
			isa = XCConfigurationList;
			buildConfigurations = (
				0473251B2A1FD8400073B156 /* Debug */,
				0473251C2A1FD8400073B156 /* Release */,
			);
			defaultConfigurationIsVisible = 0;
			defaultConfigurationName = Release;
		};
		0473251D2A1FD8400073B156 /* Build configuration list for PBXNativeTarget "fanfinctionapp" */ = {
			isa = XCConfigurationList;
			buildConfigurations = (
				0473251E2A1FD8400073B156 /* Debug */,
				0473251F2A1FD8400073B156 /* Release */,
			);
			defaultConfigurationIsVisible = 0;
			defaultConfigurationName = Release;
		};
/* End XCConfigurationList section */

/* Begin XCVersionGroup section */
		047325122A1FD83D0073B156 /* fanfinctionapp.xcdatamodeld */ = {
			isa = XCVersionGroup;
			children = (
				047325132A1FD83D0073B156 /* fanfinctionapp.xcdatamodel */,
			);
			currentVersion = 047325132A1FD83D0073B156 /* fanfinctionapp.xcdatamodel */;
			path = fanfinctionapp.xcdatamodeld;
			sourceTree = "<group>";
			versionGroupType = wrapper.xcdatamodel;
		};
/* End XCVersionGroup section */
	};
	rootObject = 047325002A1FD83D0073B156 /* Project object */;
}
